
Microsoft Visual Studio Solution File, Format Version 12.00
# Visual Studio Version 17
VisualStudioVersion = 17.4.33213.308
MinimumVisualStudioVersion = 10.0.40219.1
Project("{FAE04EC0-301F-11D3-BF4B-00C04F79EFBC}") = "pz_12", "pz_12.csproj", "{CBBA0224-0B2A-4EA5-B8C0-65207264E65F}"
EndProject
Global
	GlobalSection(SolutionConfigurationPlatforms) = preSolution
		Debug|Any CPU = Debug|Any CPU
		Release|Any CPU = Release|Any CPU
	EndGlobalSection
	GlobalSection(ProjectConfigurationPlatforms) = postSolution
		{CBBA0224-0B2A-4EA5-B8C0-65207264E65F}.Debug|Any CPU.ActiveCfg = Debug|Any CPU
		{CBBA0224-0B2A-4EA5-B8C0-65207264E65F}.Debug|Any CPU.Build.0 = Debug|Any CPU
		{CBBA0224-0B2A-4EA5-B8C0-65207264E65F}.Release|Any CPU.ActiveCfg = Release|Any CPU
		{CBBA0224-0B2A-4EA5-B8C0-65207264E65F}.Release|Any CPU.Build.0 = Release|Any CPU
	EndGlobalSection
	GlobalSection(SolutionProperties) = preSolution
		HideSolutionNode = FALSE
	EndGlobalSection
	GlobalSection(ExtensibilityGlobals) = postSolution
		SolutionGuid = {14533475-0FB7-4F9A-B409-E65B32AC29D8}
	EndGlobalSection
EndGlobal
