
Microsoft Visual Studio Solution File, Format Version 12.00
# Visual Studio Version 17
VisualStudioVersion = 17.4.33213.308
MinimumVisualStudioVersion = 10.0.40219.1
Project("{FAE04EC0-301F-11D3-BF4B-00C04F79EFBC}") = "pz_18", "pz_18.csproj", "{51533B3A-8B93-4480-A49F-773AF3A14507}"
EndProject
Global
	GlobalSection(SolutionConfigurationPlatforms) = preSolution
		Debug|Any CPU = Debug|Any CPU
		Release|Any CPU = Release|Any CPU
	EndGlobalSection
	GlobalSection(ProjectConfigurationPlatforms) = postSolution
		{51533B3A-8B93-4480-A49F-773AF3A14507}.Debug|Any CPU.ActiveCfg = Debug|Any CPU
		{51533B3A-8B93-4480-A49F-773AF3A14507}.Debug|Any CPU.Build.0 = Debug|Any CPU
		{51533B3A-8B93-4480-A49F-773AF3A14507}.Release|Any CPU.ActiveCfg = Release|Any CPU
		{51533B3A-8B93-4480-A49F-773AF3A14507}.Release|Any CPU.Build.0 = Release|Any CPU
	EndGlobalSection
	GlobalSection(SolutionProperties) = preSolution
		HideSolutionNode = FALSE
	EndGlobalSection
	GlobalSection(ExtensibilityGlobals) = postSolution
		SolutionGuid = {051178E4-6D8A-46E6-9387-68D99BFA85B5}
	EndGlobalSection
EndGlobal
