
Microsoft Visual Studio Solution File, Format Version 12.00
# Visual Studio Version 17
VisualStudioVersion = 17.4.33213.308
MinimumVisualStudioVersion = 10.0.40219.1
Project("{FAE04EC0-301F-11D3-BF4B-00C04F79EFBC}") = "pz_25", "pz_25.csproj", "{8FC200B5-F28D-4253-8AB5-B4288200D33A}"
EndProject
Global
	GlobalSection(SolutionConfigurationPlatforms) = preSolution
		Debug|Any CPU = Debug|Any CPU
		Release|Any CPU = Release|Any CPU
	EndGlobalSection
	GlobalSection(ProjectConfigurationPlatforms) = postSolution
		{8FC200B5-F28D-4253-8AB5-B4288200D33A}.Debug|Any CPU.ActiveCfg = Debug|Any CPU
		{8FC200B5-F28D-4253-8AB5-B4288200D33A}.Debug|Any CPU.Build.0 = Debug|Any CPU
		{8FC200B5-F28D-4253-8AB5-B4288200D33A}.Release|Any CPU.ActiveCfg = Release|Any CPU
		{8FC200B5-F28D-4253-8AB5-B4288200D33A}.Release|Any CPU.Build.0 = Release|Any CPU
	EndGlobalSection
	GlobalSection(SolutionProperties) = preSolution
		HideSolutionNode = FALSE
	EndGlobalSection
	GlobalSection(ExtensibilityGlobals) = postSolution
		SolutionGuid = {47C741D8-EF89-464C-A52E-E1AB0F046194}
	EndGlobalSection
EndGlobal
