
Microsoft Visual Studio Solution File, Format Version 12.00
# Visual Studio Version 17
VisualStudioVersion = 17.4.33213.308
MinimumVisualStudioVersion = 10.0.40219.1
Project("{FAE04EC0-301F-11D3-BF4B-00C04F79EFBC}") = "pz_22", "pz_22.csproj", "{5DEBF074-18F1-4DE5-9351-17D7FE48C01E}"
EndProject
Global
	GlobalSection(SolutionConfigurationPlatforms) = preSolution
		Debug|Any CPU = Debug|Any CPU
		Release|Any CPU = Release|Any CPU
	EndGlobalSection
	GlobalSection(ProjectConfigurationPlatforms) = postSolution
		{5DEBF074-18F1-4DE5-9351-17D7FE48C01E}.Debug|Any CPU.ActiveCfg = Debug|Any CPU
		{5DEBF074-18F1-4DE5-9351-17D7FE48C01E}.Debug|Any CPU.Build.0 = Debug|Any CPU
		{5DEBF074-18F1-4DE5-9351-17D7FE48C01E}.Release|Any CPU.ActiveCfg = Release|Any CPU
		{5DEBF074-18F1-4DE5-9351-17D7FE48C01E}.Release|Any CPU.Build.0 = Release|Any CPU
	EndGlobalSection
	GlobalSection(SolutionProperties) = preSolution
		HideSolutionNode = FALSE
	EndGlobalSection
	GlobalSection(ExtensibilityGlobals) = postSolution
		SolutionGuid = {7E1CF0B3-52BB-41D3-9ABD-AE5F4E725D2B}
	EndGlobalSection
EndGlobal
