
Microsoft Visual Studio Solution File, Format Version 12.00
# Visual Studio Version 17
VisualStudioVersion = 17.4.33213.308
MinimumVisualStudioVersion = 10.0.40219.1
Project("{FAE04EC0-301F-11D3-BF4B-00C04F79EFBC}") = "pz_15", "pz_15.csproj", "{21C277AB-8DF1-42C7-8D54-C0FE75A21D8F}"
EndProject
Global
	GlobalSection(SolutionConfigurationPlatforms) = preSolution
		Debug|Any CPU = Debug|Any CPU
		Release|Any CPU = Release|Any CPU
	EndGlobalSection
	GlobalSection(ProjectConfigurationPlatforms) = postSolution
		{21C277AB-8DF1-42C7-8D54-C0FE75A21D8F}.Debug|Any CPU.ActiveCfg = Debug|Any CPU
		{21C277AB-8DF1-42C7-8D54-C0FE75A21D8F}.Debug|Any CPU.Build.0 = Debug|Any CPU
		{21C277AB-8DF1-42C7-8D54-C0FE75A21D8F}.Release|Any CPU.ActiveCfg = Release|Any CPU
		{21C277AB-8DF1-42C7-8D54-C0FE75A21D8F}.Release|Any CPU.Build.0 = Release|Any CPU
	EndGlobalSection
	GlobalSection(SolutionProperties) = preSolution
		HideSolutionNode = FALSE
	EndGlobalSection
	GlobalSection(ExtensibilityGlobals) = postSolution
		SolutionGuid = {8E1E08CE-4602-4694-A76D-1EB1972E3C5C}
	EndGlobalSection
EndGlobal
